
Microsoft Visual Studio Solution File, Format Version 12.00
# Visual Studio 15
Project("{FAE04EC0-301F-11D3-BF4B-00C04F79EFBC}") = "Myself.UI", "Myself\Myself.UI.csproj", "{D27EB782-D38A-418D-9974-C5CB531BF853}"
EndProject
Project("{FAE04EC0-301F-11D3-BF4B-00C04F79EFBC}") = "Myself.Core", "Myself.Core\Myself.Core.csproj", "{DC481143-9546-48B7-B9F8-D756C703D025}"
EndProject
Project("{FAE04EC0-301F-11D3-BF4B-00C04F79EFBC}") = "Myself.Data", "Myself.Data\Myself.Data.csproj", "{FD45E04C-3BF5-4677-A0A0-1BFFDBE8CE7A}"
EndProject
Project("{2150E333-8FDC-42A3-9474-1A3956D46DE8}") = "Presentation", "Presentation", "{4F581AFF-B06B-44E1-946D-CD7F1092D60F}"
EndProject
Project("{2150E333-8FDC-42A3-9474-1A3956D46DE8}") = "Application", "Application", "{A4641EEA-3558-4C72-8DCE-AEA75ED07C13}"
EndProject
Project("{2150E333-8FDC-42A3-9474-1A3956D46DE8}") = "Domain", "Domain", "{4FDEA50C-3ED6-4398-905F-BA055E7F1F03}"
EndProject
Project("{2150E333-8FDC-42A3-9474-1A3956D46DE8}") = "Persistance", "Persistance", "{6C21961B-0A59-4DCD-B056-C6C0A103704E}"
EndProject
Project("{FAE04EC0-301F-11D3-BF4B-00C04F79EFBC}") = "Myself.Api", "Myself.Api\Myself.Api.csproj", "{27B76EA1-B678-452F-8417-9909C9891349}"
EndProject
Global
	GlobalSection(SolutionConfigurationPlatforms) = preSolution
		Debug|Any CPU = Debug|Any CPU
		Release|Any CPU = Release|Any CPU
	EndGlobalSection
	GlobalSection(ProjectConfigurationPlatforms) = postSolution
		{D27EB782-D38A-418D-9974-C5CB531BF853}.Debug|Any CPU.ActiveCfg = Debug|Any CPU
		{D27EB782-D38A-418D-9974-C5CB531BF853}.Debug|Any CPU.Build.0 = Debug|Any CPU
		{D27EB782-D38A-418D-9974-C5CB531BF853}.Release|Any CPU.ActiveCfg = Release|Any CPU
		{D27EB782-D38A-418D-9974-C5CB531BF853}.Release|Any CPU.Build.0 = Release|Any CPU
		{DC481143-9546-48B7-B9F8-D756C703D025}.Debug|Any CPU.ActiveCfg = Debug|Any CPU
		{DC481143-9546-48B7-B9F8-D756C703D025}.Release|Any CPU.ActiveCfg = Release|Any CPU
		{DC481143-9546-48B7-B9F8-D756C703D025}.Release|Any CPU.Build.0 = Release|Any CPU
		{FD45E04C-3BF5-4677-A0A0-1BFFDBE8CE7A}.Debug|Any CPU.ActiveCfg = Debug|Any CPU
		{FD45E04C-3BF5-4677-A0A0-1BFFDBE8CE7A}.Release|Any CPU.ActiveCfg = Release|Any CPU
		{FD45E04C-3BF5-4677-A0A0-1BFFDBE8CE7A}.Release|Any CPU.Build.0 = Release|Any CPU
		{27B76EA1-B678-452F-8417-9909C9891349}.Debug|Any CPU.ActiveCfg = Debug|Any CPU
		{27B76EA1-B678-452F-8417-9909C9891349}.Release|Any CPU.ActiveCfg = Release|Any CPU
		{27B76EA1-B678-452F-8417-9909C9891349}.Release|Any CPU.Build.0 = Release|Any CPU
	EndGlobalSection
	GlobalSection(NestedProjects) = preSolution
		{D27EB782-D38A-418D-9974-C5CB531BF853} = {4F581AFF-B06B-44E1-946D-CD7F1092D60F}
		{FD45E04C-3BF5-4677-A0A0-1BFFDBE8CE7A} = {6C21961B-0A59-4DCD-B056-C6C0A103704E}
		{DC481143-9546-48B7-B9F8-D756C703D025} = {4FDEA50C-3ED6-4398-905F-BA055E7F1F03}
		{27B76EA1-B678-452F-8417-9909C9891349} = {A4641EEA-3558-4C72-8DCE-AEA75ED07C13}
	EndGlobalSection
EndGlobal
