
Microsoft Visual Studio Solution File, Format Version 12.00
# Visual Studio 15
Project("{FAE04EC0-301F-11D3-BF4B-00C04F79EFBC}") = "helloWorld", "helloWorld\helloWorld.csproj", "{324D1423-B4D1-404F-BBDB-8D2485A6E7DC}"
EndProject
Global
	GlobalSection(SolutionConfigurationPlatforms) = preSolution
		Debug|anycpu = Debug|anycpu
		Release|anycpu = Release|anycpu
	EndGlobalSection
	GlobalSection(ProjectConfigurationPlatforms) = postSolution
		{324D1423-B4D1-404F-BBDB-8D2485A6E7DC}.Debug|anycpu.ActiveCfg = Debug|anycpu
		{324D1423-B4D1-404F-BBDB-8D2485A6E7DC}.Debug|anycpu.Build.0 = Debug|anycpu
		{324D1423-B4D1-404F-BBDB-8D2485A6E7DC}.Release|anycpu.ActiveCfg = Release|anycpu
		{324D1423-B4D1-404F-BBDB-8D2485A6E7DC}.Release|anycpu.Build.0 = Release|anycpu
	EndGlobalSection
EndGlobal
