
Microsoft Visual Studio Solution File, Format Version 12.00
# Visual Studio 15
VisualStudioVersion = 15.0.26124.0
MinimumVisualStudioVersion = 15.0.26124.0
Project("{2150E333-8FDC-42A3-9474-1A3956D46DE8}") = "src", "src", "{31AF2322-C20D-4AD5-8FF2-BB5AF7E72C6F}"
EndProject
Project("{FAE04EC0-301F-11D3-BF4B-00C04F79EFBC}") = "GradBook", "src\GradBook\GradBook.csproj", "{05AF8CF9-25A4-452F-B3CF-5158FAD4A6EF}"
EndProject
Project("{2150E333-8FDC-42A3-9474-1A3956D46DE8}") = "test", "test", "{F1001485-5CA1-4625-BD05-2C8FC2ECB15D}"
EndProject
Project("{FAE04EC0-301F-11D3-BF4B-00C04F79EFBC}") = "GradBook.test", "test\GradBook.tests\GradBook.test.csproj", "{6EA83BAF-2AD4-4056-B11E-C4111F1F858B}"
EndProject
Global
	GlobalSection(SolutionConfigurationPlatforms) = preSolution
		Debug|Any CPU = Debug|Any CPU
		Debug|x64 = Debug|x64
		Debug|x86 = Debug|x86
		Release|Any CPU = Release|Any CPU
		Release|x64 = Release|x64
		Release|x86 = Release|x86
	EndGlobalSection
	GlobalSection(SolutionProperties) = preSolution
		HideSolutionNode = FALSE
	EndGlobalSection
	GlobalSection(ProjectConfigurationPlatforms) = postSolution
		{05AF8CF9-25A4-452F-B3CF-5158FAD4A6EF}.Debug|Any CPU.ActiveCfg = Debug|Any CPU
		{05AF8CF9-25A4-452F-B3CF-5158FAD4A6EF}.Debug|Any CPU.Build.0 = Debug|Any CPU
		{05AF8CF9-25A4-452F-B3CF-5158FAD4A6EF}.Debug|x64.ActiveCfg = Debug|Any CPU
		{05AF8CF9-25A4-452F-B3CF-5158FAD4A6EF}.Debug|x64.Build.0 = Debug|Any CPU
		{05AF8CF9-25A4-452F-B3CF-5158FAD4A6EF}.Debug|x86.ActiveCfg = Debug|Any CPU
		{05AF8CF9-25A4-452F-B3CF-5158FAD4A6EF}.Debug|x86.Build.0 = Debug|Any CPU
		{05AF8CF9-25A4-452F-B3CF-5158FAD4A6EF}.Release|Any CPU.ActiveCfg = Release|Any CPU
		{05AF8CF9-25A4-452F-B3CF-5158FAD4A6EF}.Release|Any CPU.Build.0 = Release|Any CPU
		{05AF8CF9-25A4-452F-B3CF-5158FAD4A6EF}.Release|x64.ActiveCfg = Release|Any CPU
		{05AF8CF9-25A4-452F-B3CF-5158FAD4A6EF}.Release|x64.Build.0 = Release|Any CPU
		{05AF8CF9-25A4-452F-B3CF-5158FAD4A6EF}.Release|x86.ActiveCfg = Release|Any CPU
		{05AF8CF9-25A4-452F-B3CF-5158FAD4A6EF}.Release|x86.Build.0 = Release|Any CPU
		{6EA83BAF-2AD4-4056-B11E-C4111F1F858B}.Debug|Any CPU.ActiveCfg = Debug|Any CPU
		{6EA83BAF-2AD4-4056-B11E-C4111F1F858B}.Debug|Any CPU.Build.0 = Debug|Any CPU
		{6EA83BAF-2AD4-4056-B11E-C4111F1F858B}.Debug|x64.ActiveCfg = Debug|Any CPU
		{6EA83BAF-2AD4-4056-B11E-C4111F1F858B}.Debug|x64.Build.0 = Debug|Any CPU
		{6EA83BAF-2AD4-4056-B11E-C4111F1F858B}.Debug|x86.ActiveCfg = Debug|Any CPU
		{6EA83BAF-2AD4-4056-B11E-C4111F1F858B}.Debug|x86.Build.0 = Debug|Any CPU
		{6EA83BAF-2AD4-4056-B11E-C4111F1F858B}.Release|Any CPU.ActiveCfg = Release|Any CPU
		{6EA83BAF-2AD4-4056-B11E-C4111F1F858B}.Release|Any CPU.Build.0 = Release|Any CPU
		{6EA83BAF-2AD4-4056-B11E-C4111F1F858B}.Release|x64.ActiveCfg = Release|Any CPU
		{6EA83BAF-2AD4-4056-B11E-C4111F1F858B}.Release|x64.Build.0 = Release|Any CPU
		{6EA83BAF-2AD4-4056-B11E-C4111F1F858B}.Release|x86.ActiveCfg = Release|Any CPU
		{6EA83BAF-2AD4-4056-B11E-C4111F1F858B}.Release|x86.Build.0 = Release|Any CPU
	EndGlobalSection
	GlobalSection(NestedProjects) = preSolution
		{05AF8CF9-25A4-452F-B3CF-5158FAD4A6EF} = {31AF2322-C20D-4AD5-8FF2-BB5AF7E72C6F}
		{6EA83BAF-2AD4-4056-B11E-C4111F1F858B} = {F1001485-5CA1-4625-BD05-2C8FC2ECB15D}
	EndGlobalSection
EndGlobal
