
Microsoft Visual Studio Solution File, Format Version 12.00
# Visual Studio 15
Project("{FAE04EC0-301F-11D3-BF4B-00C04F79EFBC}") = "Training", "Training\Training.csproj", "{05E5C628-0AFF-4BC7-9A17-789AF1124339}"
EndProject
Global
	GlobalSection(SolutionConfigurationPlatforms) = preSolution
		Debug|Any CPU = Debug|Any CPU
		Release|Any CPU = Release|Any CPU
	EndGlobalSection
	GlobalSection(ProjectConfigurationPlatforms) = postSolution
		{05E5C628-0AFF-4BC7-9A17-789AF1124339}.Debug|Any CPU.ActiveCfg = Debug|Any CPU
		{05E5C628-0AFF-4BC7-9A17-789AF1124339}.Debug|Any CPU.Build.0 = Debug|Any CPU
		{05E5C628-0AFF-4BC7-9A17-789AF1124339}.Release|Any CPU.ActiveCfg = Release|Any CPU
		{05E5C628-0AFF-4BC7-9A17-789AF1124339}.Release|Any CPU.Build.0 = Release|Any CPU
	EndGlobalSection
EndGlobal
