
Microsoft Visual Studio Solution File, Format Version 12.00
Project("{FAE04EC0-301F-11D3-BF4B-00C04F79EFBC}") = "OdeToFood.Web", "OdeToFood.Web\OdeToFood.Web.csproj", "{C50C6116-A05A-4D49-8F27-B05CFAB80451}"
EndProject
Project("{FAE04EC0-301F-11D3-BF4B-00C04F79EFBC}") = "OdeToFood.Data", "OdeToFood.Data\OdeToFood.Data.csproj", "{D95F1438-352A-43E9-B3E8-72C10D0FA04A}"
EndProject
Global
	GlobalSection(SolutionConfigurationPlatforms) = preSolution
		Debug|Any CPU = Debug|Any CPU
		Release|Any CPU = Release|Any CPU
	EndGlobalSection
	GlobalSection(ProjectConfigurationPlatforms) = postSolution
		{C50C6116-A05A-4D49-8F27-B05CFAB80451}.Debug|Any CPU.ActiveCfg = Debug|Any CPU
		{C50C6116-A05A-4D49-8F27-B05CFAB80451}.Debug|Any CPU.Build.0 = Debug|Any CPU
		{C50C6116-A05A-4D49-8F27-B05CFAB80451}.Release|Any CPU.ActiveCfg = Release|Any CPU
		{C50C6116-A05A-4D49-8F27-B05CFAB80451}.Release|Any CPU.Build.0 = Release|Any CPU
		{D95F1438-352A-43E9-B3E8-72C10D0FA04A}.Debug|Any CPU.ActiveCfg = Debug|Any CPU
		{D95F1438-352A-43E9-B3E8-72C10D0FA04A}.Debug|Any CPU.Build.0 = Debug|Any CPU
		{D95F1438-352A-43E9-B3E8-72C10D0FA04A}.Release|Any CPU.ActiveCfg = Release|Any CPU
		{D95F1438-352A-43E9-B3E8-72C10D0FA04A}.Release|Any CPU.Build.0 = Release|Any CPU
	EndGlobalSection
EndGlobal
