
Microsoft Visual Studio Solution File, Format Version 12.00
# Visual Studio 15
Project("{FAE04EC0-301F-11D3-BF4B-00C04F79EFBC}") = "Demo", "Demo\Demo.csproj", "{CE0EABE5-D039-4558-9CFD-8A2B992CEEA1}"
EndProject
Global
	GlobalSection(SolutionConfigurationPlatforms) = preSolution
		Debug|Any CPU = Debug|Any CPU
		Release|Any CPU = Release|Any CPU
	EndGlobalSection
	GlobalSection(ProjectConfigurationPlatforms) = postSolution
		{CE0EABE5-D039-4558-9CFD-8A2B992CEEA1}.Debug|Any CPU.ActiveCfg = Debug|Any CPU
		{CE0EABE5-D039-4558-9CFD-8A2B992CEEA1}.Debug|Any CPU.Build.0 = Debug|Any CPU
		{CE0EABE5-D039-4558-9CFD-8A2B992CEEA1}.Release|Any CPU.ActiveCfg = Release|Any CPU
		{CE0EABE5-D039-4558-9CFD-8A2B992CEEA1}.Release|Any CPU.Build.0 = Release|Any CPU
	EndGlobalSection
EndGlobal
