
Microsoft Visual Studio Solution File, Format Version 12.00
Project("{FAE04EC0-301F-11D3-BF4B-00C04F79EFBC}") = "MyApp", "MyApp\MyApp.csproj", "{DED20F6D-DA7D-42B3-B0D6-F490FD0DF0BC}"
EndProject
Global
	GlobalSection(SolutionConfigurationPlatforms) = preSolution
		Debug|Any CPU = Debug|Any CPU
		Release|Any CPU = Release|Any CPU
	EndGlobalSection
	GlobalSection(ProjectConfigurationPlatforms) = postSolution
		{DED20F6D-DA7D-42B3-B0D6-F490FD0DF0BC}.Debug|Any CPU.ActiveCfg = Debug|Any CPU
		{DED20F6D-DA7D-42B3-B0D6-F490FD0DF0BC}.Debug|Any CPU.Build.0 = Debug|Any CPU
		{DED20F6D-DA7D-42B3-B0D6-F490FD0DF0BC}.Release|Any CPU.ActiveCfg = Release|Any CPU
		{DED20F6D-DA7D-42B3-B0D6-F490FD0DF0BC}.Release|Any CPU.Build.0 = Release|Any CPU
	EndGlobalSection
EndGlobal
